
Microsoft Visual Studio Solution File, Format Version 12.00
# Visual Studio 15
VisualStudioVersion = 15.0.28307.271
MinimumVisualStudioVersion = 10.0.40219.1
Project("{FAE04EC0-301F-11D3-BF4B-00C04F79EFBC}") = "QuadraticEquationLibrary", "QuadraticEquationLibrary\QuadraticEquationLibrary.csproj", "{4CFAC68B-6F58-4B75-9948-4C232500D029}"
EndProject
Project("{FAE04EC0-301F-11D3-BF4B-00C04F79EFBC}") = "HomeWork1v2.0", "HomeWork1v2.0\HomeWork1v2.0.csproj", "{927FDFED-E622-4E24-B3E6-6A8A0DADA39D}"
EndProject
Global
	GlobalSection(SolutionConfigurationPlatforms) = preSolution
		Debug|Any CPU = Debug|Any CPU
		Release|Any CPU = Release|Any CPU
	EndGlobalSection
	GlobalSection(ProjectConfigurationPlatforms) = postSolution
		{4CFAC68B-6F58-4B75-9948-4C232500D029}.Debug|Any CPU.ActiveCfg = Debug|Any CPU
		{4CFAC68B-6F58-4B75-9948-4C232500D029}.Debug|Any CPU.Build.0 = Debug|Any CPU
		{4CFAC68B-6F58-4B75-9948-4C232500D029}.Release|Any CPU.ActiveCfg = Release|Any CPU
		{4CFAC68B-6F58-4B75-9948-4C232500D029}.Release|Any CPU.Build.0 = Release|Any CPU
		{927FDFED-E622-4E24-B3E6-6A8A0DADA39D}.Debug|Any CPU.ActiveCfg = Debug|Any CPU
		{927FDFED-E622-4E24-B3E6-6A8A0DADA39D}.Debug|Any CPU.Build.0 = Debug|Any CPU
		{927FDFED-E622-4E24-B3E6-6A8A0DADA39D}.Release|Any CPU.ActiveCfg = Release|Any CPU
		{927FDFED-E622-4E24-B3E6-6A8A0DADA39D}.Release|Any CPU.Build.0 = Release|Any CPU
	EndGlobalSection
	GlobalSection(SolutionProperties) = preSolution
		HideSolutionNode = FALSE
	EndGlobalSection
	GlobalSection(ExtensibilityGlobals) = postSolution
		SolutionGuid = {B6FCC1D0-E7C7-4FC9-B282-37413C8BC394}
	EndGlobalSection
EndGlobal
